
Microsoft Visual Studio Solution File, Format Version 12.00
# Visual Studio Version 17
VisualStudioVersion = 17.10.35122.118
MinimumVisualStudioVersion = 10.0.40219.1
Project("{FAE04EC0-301F-11D3-BF4B-00C04F79EFBC}") = "TDDSI.CENSOMUNICIPAL.BACKEND.Api", "TDDSI.CENSOMUNICIPAL.BACKEND\TDDSI.CENSOMUNICIPAL.BACKEND.Api\TDDSI.CENSOMUNICIPAL.BACKEND.Api.csproj", "{370378C8-D2D5-48B9-BF65-C18DCC68B101}"
EndProject
Project("{FAE04EC0-301F-11D3-BF4B-00C04F79EFBC}") = "TDDSI.CENSOMUNICIPAL.BACKEND.Api.Tests", "TDDSI.CENSOMUNICIPAL.BACKEND\TDDSI.CENSOMUNICIPAL.BACKEND.Api.Tests\TDDSI.CENSOMUNICIPAL.BACKEND.Api.Tests.csproj", "{3861E622-5D1F-4BBF-93AA-E5E6B26AB6C6}"
EndProject
Project("{FAE04EC0-301F-11D3-BF4B-00C04F79EFBC}") = "TDDSI.CENSOMUNICIPAL.BACKEND.Application", "TDDSI.CENSOMUNICIPAL.BACKEND\TDDSI.CENSOMUNICIPAL.BACKEND.Application\TDDSI.CENSOMUNICIPAL.BACKEND.Application.csproj", "{C0BB43DA-B5B6-4ED7-9399-645DBCCC79B9}"
EndProject
Project("{FAE04EC0-301F-11D3-BF4B-00C04F79EFBC}") = "TDDSI.CENSOMUNICIPAL.BACKEND.Domain", "TDDSI.CENSOMUNICIPAL.BACKEND\TDDSI.CENSOMUNICIPAL.BACKEND.Domain\TDDSI.CENSOMUNICIPAL.BACKEND.Domain.csproj", "{90259978-53FA-40DC-98A4-F48A2A8F590B}"
EndProject
Project("{FAE04EC0-301F-11D3-BF4B-00C04F79EFBC}") = "TDDSI.CENSOMUNICIPAL.BACKEND.Domain.Tests", "TDDSI.CENSOMUNICIPAL.BACKEND\TDDSI.CENSOMUNICIPAL.BACKEND.Domain.Tests\TDDSI.CENSOMUNICIPAL.BACKEND.Domain.Tests.csproj", "{E73F6A42-0FBA-412E-B628-AC343B718C4A}"
EndProject
Project("{FAE04EC0-301F-11D3-BF4B-00C04F79EFBC}") = "TDDSI.CENSOMUNICIPAL.BACKEND.Infrastructure", "TDDSI.CENSOMUNICIPAL.BACKEND\TDDSI.CENSOMUNICIPAL.BACKEND.Infrastructure\TDDSI.CENSOMUNICIPAL.BACKEND.Infrastructure.csproj", "{8828BFCF-C83C-45E1-9C00-9D3D71B4A758}"
EndProject
Project("{FAE04EC0-301F-11D3-BF4B-00C04F79EFBC}") = "TDDSI.CENSOMUNICIPAL.BACKEND.Infrastructure.PostgreSql", "TDDSI.CENSOMUNICIPAL.BACKEND\TDDSI.CENSOMUNICIPAL.BACKEND.Infrastructure.PostgreSql\TDDSI.CENSOMUNICIPAL.BACKEND.Infrastructure.PostgreSql.csproj", "{6C53FBFD-A17C-40B8-A0A9-4DEB4EB8D628}"
EndProject
Global
	GlobalSection(SolutionConfigurationPlatforms) = preSolution
		Debug|Any CPU = Debug|Any CPU
		Release|Any CPU = Release|Any CPU
	EndGlobalSection
	GlobalSection(ProjectConfigurationPlatforms) = postSolution
		{370378C8-D2D5-48B9-BF65-C18DCC68B101}.Debug|Any CPU.ActiveCfg = Debug|Any CPU
		{370378C8-D2D5-48B9-BF65-C18DCC68B101}.Debug|Any CPU.Build.0 = Debug|Any CPU
		{370378C8-D2D5-48B9-BF65-C18DCC68B101}.Release|Any CPU.ActiveCfg = Release|Any CPU
		{370378C8-D2D5-48B9-BF65-C18DCC68B101}.Release|Any CPU.Build.0 = Release|Any CPU
		{3861E622-5D1F-4BBF-93AA-E5E6B26AB6C6}.Debug|Any CPU.ActiveCfg = Debug|Any CPU
		{3861E622-5D1F-4BBF-93AA-E5E6B26AB6C6}.Debug|Any CPU.Build.0 = Debug|Any CPU
		{3861E622-5D1F-4BBF-93AA-E5E6B26AB6C6}.Release|Any CPU.ActiveCfg = Release|Any CPU
		{3861E622-5D1F-4BBF-93AA-E5E6B26AB6C6}.Release|Any CPU.Build.0 = Release|Any CPU
		{C0BB43DA-B5B6-4ED7-9399-645DBCCC79B9}.Debug|Any CPU.ActiveCfg = Debug|Any CPU
		{C0BB43DA-B5B6-4ED7-9399-645DBCCC79B9}.Debug|Any CPU.Build.0 = Debug|Any CPU
		{C0BB43DA-B5B6-4ED7-9399-645DBCCC79B9}.Release|Any CPU.ActiveCfg = Release|Any CPU
		{C0BB43DA-B5B6-4ED7-9399-645DBCCC79B9}.Release|Any CPU.Build.0 = Release|Any CPU
		{90259978-53FA-40DC-98A4-F48A2A8F590B}.Debug|Any CPU.ActiveCfg = Debug|Any CPU
		{90259978-53FA-40DC-98A4-F48A2A8F590B}.Debug|Any CPU.Build.0 = Debug|Any CPU
		{90259978-53FA-40DC-98A4-F48A2A8F590B}.Release|Any CPU.ActiveCfg = Release|Any CPU
		{90259978-53FA-40DC-98A4-F48A2A8F590B}.Release|Any CPU.Build.0 = Release|Any CPU
		{E73F6A42-0FBA-412E-B628-AC343B718C4A}.Debug|Any CPU.ActiveCfg = Debug|Any CPU
		{E73F6A42-0FBA-412E-B628-AC343B718C4A}.Debug|Any CPU.Build.0 = Debug|Any CPU
		{E73F6A42-0FBA-412E-B628-AC343B718C4A}.Release|Any CPU.ActiveCfg = Release|Any CPU
		{E73F6A42-0FBA-412E-B628-AC343B718C4A}.Release|Any CPU.Build.0 = Release|Any CPU
		{8828BFCF-C83C-45E1-9C00-9D3D71B4A758}.Debug|Any CPU.ActiveCfg = Debug|Any CPU
		{8828BFCF-C83C-45E1-9C00-9D3D71B4A758}.Debug|Any CPU.Build.0 = Debug|Any CPU
		{8828BFCF-C83C-45E1-9C00-9D3D71B4A758}.Release|Any CPU.ActiveCfg = Release|Any CPU
		{8828BFCF-C83C-45E1-9C00-9D3D71B4A758}.Release|Any CPU.Build.0 = Release|Any CPU
		{6C53FBFD-A17C-40B8-A0A9-4DEB4EB8D628}.Debug|Any CPU.ActiveCfg = Debug|Any CPU
		{6C53FBFD-A17C-40B8-A0A9-4DEB4EB8D628}.Debug|Any CPU.Build.0 = Debug|Any CPU
		{6C53FBFD-A17C-40B8-A0A9-4DEB4EB8D628}.Release|Any CPU.ActiveCfg = Release|Any CPU
		{6C53FBFD-A17C-40B8-A0A9-4DEB4EB8D628}.Release|Any CPU.Build.0 = Release|Any CPU
	EndGlobalSection
	GlobalSection(SolutionProperties) = preSolution
		HideSolutionNode = FALSE
	EndGlobalSection
	GlobalSection(ExtensibilityGlobals) = postSolution
		SolutionGuid = {150CE4F3-B48B-436F-988D-1276BA30DC08}
	EndGlobalSection
EndGlobal
